
Microsoft Visual Studio Solution File, Format Version 12.00
# Visual Studio Version 16
VisualStudioVersion = 16.0.31424.327
MinimumVisualStudioVersion = 10.0.40219.1
Project("{2150E333-8FDC-42A3-9474-1A3956D46DE8}") = "test", "test", "{64446EBE-A558-437E-9D57-633282D92122}"
EndProject
Project("{2150E333-8FDC-42A3-9474-1A3956D46DE8}") = "src", "src", "{7EEAE7E4-531D-4B28-8185-98A8D3E47182}"
EndProject
Project("{2150E333-8FDC-42A3-9474-1A3956D46DE8}") = "domain", "domain", "{F93CE320-4F08-4218-B75F-64690E290717}"
EndProject
Project("{2150E333-8FDC-42A3-9474-1A3956D46DE8}") = "application", "application", "{BC249E8F-707F-42F9-BE9A-019D8EB948B0}"
EndProject
Project("{2150E333-8FDC-42A3-9474-1A3956D46DE8}") = "persistence", "persistence", "{68E9E6C1-0CDB-40C5-8507-4AA9318E307F}"
EndProject
Project("{2150E333-8FDC-42A3-9474-1A3956D46DE8}") = "presentation", "presentation", "{6BD92DCC-573E-4CA3-AF29-86946917A1A4}"
EndProject
Project("{2150E333-8FDC-42A3-9474-1A3956D46DE8}") = "webapp", "webapp", "{1DABE12C-0EF2-4FFD-B027-5259FB30451B}"
EndProject
Project("{2150E333-8FDC-42A3-9474-1A3956D46DE8}") = "webapi", "webapi", "{0E7E27D6-72DF-472D-981A-891C7988CFE8}"
EndProject
Project("{2150E333-8FDC-42A3-9474-1A3956D46DE8}") = "infrastructure", "infrastructure", "{B97A850B-DA0C-4837-9DD0-D14DA87E7DF3}"
EndProject
Project("{2150E333-8FDC-42A3-9474-1A3956D46DE8}") = "application", "application", "{308F0075-22A4-4354-A878-1EA48E929054}"
EndProject
Project("{2150E333-8FDC-42A3-9474-1A3956D46DE8}") = "domain", "domain", "{2CF759B1-7402-42FC-B65A-F690BCA7AB1E}"
EndProject
Project("{2150E333-8FDC-42A3-9474-1A3956D46DE8}") = "infrastructure", "infrastructure", "{E6A688CD-7182-4D19-A420-F2B3493057C8}"
EndProject
Project("{2150E333-8FDC-42A3-9474-1A3956D46DE8}") = "persistance", "persistance", "{1A5E2954-BD82-4E0B-826D-092180B7B09A}"
EndProject
Project("{2150E333-8FDC-42A3-9474-1A3956D46DE8}") = "presentation", "presentation", "{D29EC51B-A519-45A0-9B1F-B15ABF6753A7}"
EndProject
Project("{2150E333-8FDC-42A3-9474-1A3956D46DE8}") = "webapi", "webapi", "{29097D63-D9C7-4321-A68E-C7B1E34A2955}"
EndProject
Project("{2150E333-8FDC-42A3-9474-1A3956D46DE8}") = "webapp", "webapp", "{8A9A443B-8E29-42B4-ABAD-95B281237E4E}"
EndProject
Project("{2150E333-8FDC-42A3-9474-1A3956D46DE8}") = "Solution Items", "Solution Items", "{ED151B33-2E39-4564-A516-BEF0C0532ED8}"
	ProjectSection(SolutionItems) = preProject
		note.txt = note.txt
	EndProjectSection
EndProject
Project("{9A19103F-16F7-4668-BE54-9A1E7A4F7556}") = "NBuyFirstGroup.Domain", "NBuyFirstGroupBlog\NBuyFirstGroup.Domain.csproj", "{3D45B9BF-C09B-47B2-8CC7-49A0C34B3478}"
EndProject
Project("{9A19103F-16F7-4668-BE54-9A1E7A4F7556}") = "NBuyFirstGroup.Infrastructure", "NBuyFirstGroupBlog.Infrastructure\NBuyFirstGroup.Infrastructure.csproj", "{AA5B55B4-AF90-4D94-BE35-451740D91869}"
EndProject
Project("{9A19103F-16F7-4668-BE54-9A1E7A4F7556}") = "NBuyFirstGroup.Application", "NBuyFirstGroupBlog.Application\NBuyFirstGroup.Application.csproj", "{4F93C2A3-F09F-4659-9F42-C35E2580EA29}"
EndProject
Project("{9A19103F-16F7-4668-BE54-9A1E7A4F7556}") = "NBuyFirstGroup.Persistance", "NBuyFirstGroupBlog.Persistance\NBuyFirstGroup.Persistance.csproj", "{5AA09CBE-911F-40E6-B399-934DA347EFD3}"
EndProject
Project("{9A19103F-16F7-4668-BE54-9A1E7A4F7556}") = "NBuyFirstGroup.Web.Mvc", "NBuyFirstGroupBlog.Web.Mvc\NBuyFirstGroup.Web.Mvc.csproj", "{F636D905-2A5A-4CFF-973A-6A51F3A33B1C}"
EndProject
Project("{9A19103F-16F7-4668-BE54-9A1E7A4F7556}") = "NBuyFirstGroup.Web.API", "NBuyFirstGroupBlog.Web.API\NBuyFirstGroup.Web.API.csproj", "{45112952-FA7A-4C64-A073-433B04D6A40E}"
EndProject
Project("{9A19103F-16F7-4668-BE54-9A1E7A4F7556}") = "NBuyFirstGroup.Core", "NBuyFirstGroup.Core\NBuyFirstGroup.Core.csproj", "{5ED8D4E9-6C34-413E-9DF1-351C990FB004}"
EndProject
Global
	GlobalSection(SolutionConfigurationPlatforms) = preSolution
		Debug|Any CPU = Debug|Any CPU
		Release|Any CPU = Release|Any CPU
	EndGlobalSection
	GlobalSection(ProjectConfigurationPlatforms) = postSolution
		{3D45B9BF-C09B-47B2-8CC7-49A0C34B3478}.Debug|Any CPU.ActiveCfg = Debug|Any CPU
		{3D45B9BF-C09B-47B2-8CC7-49A0C34B3478}.Debug|Any CPU.Build.0 = Debug|Any CPU
		{3D45B9BF-C09B-47B2-8CC7-49A0C34B3478}.Release|Any CPU.ActiveCfg = Release|Any CPU
		{3D45B9BF-C09B-47B2-8CC7-49A0C34B3478}.Release|Any CPU.Build.0 = Release|Any CPU
		{AA5B55B4-AF90-4D94-BE35-451740D91869}.Debug|Any CPU.ActiveCfg = Debug|Any CPU
		{AA5B55B4-AF90-4D94-BE35-451740D91869}.Debug|Any CPU.Build.0 = Debug|Any CPU
		{AA5B55B4-AF90-4D94-BE35-451740D91869}.Release|Any CPU.ActiveCfg = Release|Any CPU
		{AA5B55B4-AF90-4D94-BE35-451740D91869}.Release|Any CPU.Build.0 = Release|Any CPU
		{4F93C2A3-F09F-4659-9F42-C35E2580EA29}.Debug|Any CPU.ActiveCfg = Debug|Any CPU
		{4F93C2A3-F09F-4659-9F42-C35E2580EA29}.Debug|Any CPU.Build.0 = Debug|Any CPU
		{4F93C2A3-F09F-4659-9F42-C35E2580EA29}.Release|Any CPU.ActiveCfg = Release|Any CPU
		{4F93C2A3-F09F-4659-9F42-C35E2580EA29}.Release|Any CPU.Build.0 = Release|Any CPU
		{5AA09CBE-911F-40E6-B399-934DA347EFD3}.Debug|Any CPU.ActiveCfg = Debug|Any CPU
		{5AA09CBE-911F-40E6-B399-934DA347EFD3}.Debug|Any CPU.Build.0 = Debug|Any CPU
		{5AA09CBE-911F-40E6-B399-934DA347EFD3}.Release|Any CPU.ActiveCfg = Release|Any CPU
		{5AA09CBE-911F-40E6-B399-934DA347EFD3}.Release|Any CPU.Build.0 = Release|Any CPU
		{F636D905-2A5A-4CFF-973A-6A51F3A33B1C}.Debug|Any CPU.ActiveCfg = Debug|Any CPU
		{F636D905-2A5A-4CFF-973A-6A51F3A33B1C}.Debug|Any CPU.Build.0 = Debug|Any CPU
		{F636D905-2A5A-4CFF-973A-6A51F3A33B1C}.Release|Any CPU.ActiveCfg = Release|Any CPU
		{F636D905-2A5A-4CFF-973A-6A51F3A33B1C}.Release|Any CPU.Build.0 = Release|Any CPU
		{45112952-FA7A-4C64-A073-433B04D6A40E}.Debug|Any CPU.ActiveCfg = Debug|Any CPU
		{45112952-FA7A-4C64-A073-433B04D6A40E}.Debug|Any CPU.Build.0 = Debug|Any CPU
		{45112952-FA7A-4C64-A073-433B04D6A40E}.Release|Any CPU.ActiveCfg = Release|Any CPU
		{45112952-FA7A-4C64-A073-433B04D6A40E}.Release|Any CPU.Build.0 = Release|Any CPU
		{5ED8D4E9-6C34-413E-9DF1-351C990FB004}.Debug|Any CPU.ActiveCfg = Debug|Any CPU
		{5ED8D4E9-6C34-413E-9DF1-351C990FB004}.Debug|Any CPU.Build.0 = Debug|Any CPU
		{5ED8D4E9-6C34-413E-9DF1-351C990FB004}.Release|Any CPU.ActiveCfg = Release|Any CPU
		{5ED8D4E9-6C34-413E-9DF1-351C990FB004}.Release|Any CPU.Build.0 = Release|Any CPU
	EndGlobalSection
	GlobalSection(SolutionProperties) = preSolution
		HideSolutionNode = FALSE
	EndGlobalSection
	GlobalSection(NestedProjects) = preSolution
		{F93CE320-4F08-4218-B75F-64690E290717} = {7EEAE7E4-531D-4B28-8185-98A8D3E47182}
		{BC249E8F-707F-42F9-BE9A-019D8EB948B0} = {7EEAE7E4-531D-4B28-8185-98A8D3E47182}
		{68E9E6C1-0CDB-40C5-8507-4AA9318E307F} = {7EEAE7E4-531D-4B28-8185-98A8D3E47182}
		{6BD92DCC-573E-4CA3-AF29-86946917A1A4} = {7EEAE7E4-531D-4B28-8185-98A8D3E47182}
		{1DABE12C-0EF2-4FFD-B027-5259FB30451B} = {6BD92DCC-573E-4CA3-AF29-86946917A1A4}
		{0E7E27D6-72DF-472D-981A-891C7988CFE8} = {6BD92DCC-573E-4CA3-AF29-86946917A1A4}
		{B97A850B-DA0C-4837-9DD0-D14DA87E7DF3} = {7EEAE7E4-531D-4B28-8185-98A8D3E47182}
		{308F0075-22A4-4354-A878-1EA48E929054} = {64446EBE-A558-437E-9D57-633282D92122}
		{2CF759B1-7402-42FC-B65A-F690BCA7AB1E} = {64446EBE-A558-437E-9D57-633282D92122}
		{E6A688CD-7182-4D19-A420-F2B3493057C8} = {64446EBE-A558-437E-9D57-633282D92122}
		{1A5E2954-BD82-4E0B-826D-092180B7B09A} = {64446EBE-A558-437E-9D57-633282D92122}
		{D29EC51B-A519-45A0-9B1F-B15ABF6753A7} = {64446EBE-A558-437E-9D57-633282D92122}
		{29097D63-D9C7-4321-A68E-C7B1E34A2955} = {D29EC51B-A519-45A0-9B1F-B15ABF6753A7}
		{8A9A443B-8E29-42B4-ABAD-95B281237E4E} = {D29EC51B-A519-45A0-9B1F-B15ABF6753A7}
		{3D45B9BF-C09B-47B2-8CC7-49A0C34B3478} = {F93CE320-4F08-4218-B75F-64690E290717}
		{AA5B55B4-AF90-4D94-BE35-451740D91869} = {B97A850B-DA0C-4837-9DD0-D14DA87E7DF3}
		{4F93C2A3-F09F-4659-9F42-C35E2580EA29} = {BC249E8F-707F-42F9-BE9A-019D8EB948B0}
		{5AA09CBE-911F-40E6-B399-934DA347EFD3} = {68E9E6C1-0CDB-40C5-8507-4AA9318E307F}
		{F636D905-2A5A-4CFF-973A-6A51F3A33B1C} = {1DABE12C-0EF2-4FFD-B027-5259FB30451B}
		{45112952-FA7A-4C64-A073-433B04D6A40E} = {0E7E27D6-72DF-472D-981A-891C7988CFE8}
		{5ED8D4E9-6C34-413E-9DF1-351C990FB004} = {7EEAE7E4-531D-4B28-8185-98A8D3E47182}
	EndGlobalSection
	GlobalSection(ExtensibilityGlobals) = postSolution
		SolutionGuid = {93AC0D02-711D-4568-8034-4B4DEFDD3526}
	EndGlobalSection
EndGlobal
